
Microsoft Visual Studio Solution File, Format Version 12.00
# Visual Studio Version 16
VisualStudioVersion = 16.0.31911.196
MinimumVisualStudioVersion = 10.0.40219.1
Project("{FAE04EC0-301F-11D3-BF4B-00C04F79EFBC}") = "Taschenrechner", "Taschenrechner\Taschenrechner.csproj", "{BEF3C1AB-C800-46E7-8045-4F5502AC7F75}"
EndProject
Global
	GlobalSection(SolutionConfigurationPlatforms) = preSolution
		Debug|Any CPU = Debug|Any CPU
		Release|Any CPU = Release|Any CPU
	EndGlobalSection
	GlobalSection(ProjectConfigurationPlatforms) = postSolution
		{BEF3C1AB-C800-46E7-8045-4F5502AC7F75}.Debug|Any CPU.ActiveCfg = Debug|Any CPU
		{BEF3C1AB-C800-46E7-8045-4F5502AC7F75}.Debug|Any CPU.Build.0 = Debug|Any CPU
		{BEF3C1AB-C800-46E7-8045-4F5502AC7F75}.Release|Any CPU.ActiveCfg = Release|Any CPU
		{BEF3C1AB-C800-46E7-8045-4F5502AC7F75}.Release|Any CPU.Build.0 = Release|Any CPU
	EndGlobalSection
	GlobalSection(SolutionProperties) = preSolution
		HideSolutionNode = FALSE
	EndGlobalSection
	GlobalSection(ExtensibilityGlobals) = postSolution
		SolutionGuid = {2A32B36E-1FD2-496C-8A93-62F769AD7605}
	EndGlobalSection
EndGlobal
