
Microsoft Visual Studio Solution File, Format Version 12.00
# Visual Studio Version 16
VisualStudioVersion = 16.0.31911.196
MinimumVisualStudioVersion = 10.0.40219.1
Project("{FAE04EC0-301F-11D3-BF4B-00C04F79EFBC}") = "ShopGui", "ShopGui\ShopGui.csproj", "{7E191DA0-9151-4BBD-AC69-BF614113C1F2}"
EndProject
Global
	GlobalSection(SolutionConfigurationPlatforms) = preSolution
		Debug|Any CPU = Debug|Any CPU
		Release|Any CPU = Release|Any CPU
	EndGlobalSection
	GlobalSection(ProjectConfigurationPlatforms) = postSolution
		{7E191DA0-9151-4BBD-AC69-BF614113C1F2}.Debug|Any CPU.ActiveCfg = Debug|Any CPU
		{7E191DA0-9151-4BBD-AC69-BF614113C1F2}.Debug|Any CPU.Build.0 = Debug|Any CPU
		{7E191DA0-9151-4BBD-AC69-BF614113C1F2}.Release|Any CPU.ActiveCfg = Release|Any CPU
		{7E191DA0-9151-4BBD-AC69-BF614113C1F2}.Release|Any CPU.Build.0 = Release|Any CPU
	EndGlobalSection
	GlobalSection(SolutionProperties) = preSolution
		HideSolutionNode = FALSE
	EndGlobalSection
	GlobalSection(ExtensibilityGlobals) = postSolution
		SolutionGuid = {8CC6400D-F349-406F-9434-064BB4DCC526}
	EndGlobalSection
EndGlobal
